
Microsoft Visual Studio Solution File, Format Version 12.00
# Visual Studio Version 17
VisualStudioVersion = 17.13.35825.156 d17.13
MinimumVisualStudioVersion = 10.0.40219.1
Project("{FAE04EC0-301F-11D3-BF4B-00C04F79EFBC}") = "ejer1", "ejer1\ejer1.csproj", "{48420FB7-D7A6-4580-BD0B-BF65D8EBDB94}"
EndProject
Global
	GlobalSection(SolutionConfigurationPlatforms) = preSolution
		Debug|Any CPU = Debug|Any CPU
		Release|Any CPU = Release|Any CPU
	EndGlobalSection
	GlobalSection(ProjectConfigurationPlatforms) = postSolution
		{48420FB7-D7A6-4580-BD0B-BF65D8EBDB94}.Debug|Any CPU.ActiveCfg = Debug|Any CPU
		{48420FB7-D7A6-4580-BD0B-BF65D8EBDB94}.Debug|Any CPU.Build.0 = Debug|Any CPU
		{48420FB7-D7A6-4580-BD0B-BF65D8EBDB94}.Release|Any CPU.ActiveCfg = Release|Any CPU
		{48420FB7-D7A6-4580-BD0B-BF65D8EBDB94}.Release|Any CPU.Build.0 = Release|Any CPU
	EndGlobalSection
	GlobalSection(SolutionProperties) = preSolution
		HideSolutionNode = FALSE
	EndGlobalSection
	GlobalSection(ExtensibilityGlobals) = postSolution
		SolutionGuid = {806FE53D-215E-4859-A93C-6BCB63C7B305}
	EndGlobalSection
EndGlobal
